
Microsoft Visual Studio Solution File, Format Version 12.00
# Visual Studio 15
VisualStudioVersion = 15.0.27130.2027
MinimumVisualStudioVersion = 10.0.40219.1
Project("{FAE04EC0-301F-11D3-BF4B-00C04F79EFBC}") = "003_OO属性", "003_OO属性\003_OO属性.csproj", "{E70A3305-37C1-4926-9A4D-83E4EF120CE1}"
EndProject
Project("{FAE04EC0-301F-11D3-BF4B-00C04F79EFBC}") = "002_打开文件练习", "002_打开文件练习\002_打开文件练习.csproj", "{E41B52F2-E46E-4F09-B217-213B73AB080C}"
EndProject
Project("{FAE04EC0-301F-11D3-BF4B-00C04F79EFBC}") = "001_进程", "001_进程\001_进程.csproj", "{1035421D-9907-4329-9A3F-7D61859EEC5F}"
EndProject
Project("{FAE04EC0-301F-11D3-BF4B-00C04F79EFBC}") = "004_List泛型集合", "004_List泛型集合\004_List泛型集合.csproj", "{AF9D7808-A38D-4918-A912-9D60ED80E7CD}"
EndProject
Project("{FAE04EC0-301F-11D3-BF4B-00C04F79EFBC}") = "005_Dictionary字典集合", "005_Dictionary字典集合\005_Dictionary字典集合.csproj", "{68B44B34-51C4-4E46-946F-781C0146705C}"
EndProject
Project("{FAE04EC0-301F-11D3-BF4B-00C04F79EFBC}") = "006_FileStream", "006_FileStream\006_FileStream.csproj", "{94A69F15-37E1-4020-83B3-C1039D4B3765}"
EndProject
Project("{FAE04EC0-301F-11D3-BF4B-00C04F79EFBC}") = "007_多态之虚方法", "007_多态之虚方法\007_多态之虚方法.csproj", "{53A0187F-A8F7-451F-8520-FDFE62EFF8AF}"
EndProject
Project("{FAE04EC0-301F-11D3-BF4B-00C04F79EFBC}") = "008_多态之抽象类", "008_多态之抽象类\008_多态之抽象类.csproj", "{E8A2583E-89C0-43C7-B8F2-0F9E38CAC794}"
EndProject
Project("{2150E333-8FDC-42A3-9474-1A3956D46DE8}") = "Solution Items", "Solution Items", "{F37C5967-D6C2-46DE-AFB6-325569003FAC}"
	ProjectSection(SolutionItems) = preProject
		VS常用快捷键.txt = VS常用快捷键.txt
	EndProjectSection
EndProject
Project("{FAE04EC0-301F-11D3-BF4B-00C04F79EFBC}") = "009_多态模拟移动硬盘MP3和U盘", "009_多态模拟移动硬盘MP3和U盘\009_多态模拟移动硬盘MP3和U盘.csproj", "{0EE9D3A3-EAC8-4904-8825-014A4CB952FD}"
EndProject
Project("{FAE04EC0-301F-11D3-BF4B-00C04F79EFBC}") = "010_Path类", "010_Path类\010_Path类.csproj", "{97E135EE-7E17-49BC-AEAD-F81FBBF0A5DC}"
EndProject
Project("{FAE04EC0-301F-11D3-BF4B-00C04F79EFBC}") = "011_File类", "011_File类\011_File类.csproj", "{64C85102-1E39-48D4-917F-722B0C9DDEEF}"
EndProject
Project("{FAE04EC0-301F-11D3-BF4B-00C04F79EFBC}") = "012_显示实现接口", "012_显示实现接口\012_显示实现接口.csproj", "{76F1F5D3-B30D-4F3E-813D-4AD70FAE2DB2}"
EndProject
Project("{FAE04EC0-301F-11D3-BF4B-00C04F79EFBC}") = "013_里式转换", "013_里式转换\013_里式转换.csproj", "{1A928B9C-1BE7-4CA4-B741-849C7F624F36}"
EndProject
Project("{FAE04EC0-301F-11D3-BF4B-00C04F79EFBC}") = "014_序列化和反序列化", "014_序列化和反序列化\014_序列化和反序列化.csproj", "{4CB69FBF-6027-40A2-9B8D-9E9700623FB0}"
EndProject
Project("{FAE04EC0-301F-11D3-BF4B-00C04F79EFBC}") = "015_BufferedStream", "015_BufferedStream\015_BufferedStream.csproj", "{FC05C51F-1711-449D-9B76-3D83648702AF}"
EndProject
Global
	GlobalSection(SolutionConfigurationPlatforms) = preSolution
		Debug|Any CPU = Debug|Any CPU
		Release|Any CPU = Release|Any CPU
	EndGlobalSection
	GlobalSection(ProjectConfigurationPlatforms) = postSolution
		{E70A3305-37C1-4926-9A4D-83E4EF120CE1}.Debug|Any CPU.ActiveCfg = Debug|Any CPU
		{E70A3305-37C1-4926-9A4D-83E4EF120CE1}.Debug|Any CPU.Build.0 = Debug|Any CPU
		{E70A3305-37C1-4926-9A4D-83E4EF120CE1}.Release|Any CPU.ActiveCfg = Release|Any CPU
		{E70A3305-37C1-4926-9A4D-83E4EF120CE1}.Release|Any CPU.Build.0 = Release|Any CPU
		{E41B52F2-E46E-4F09-B217-213B73AB080C}.Debug|Any CPU.ActiveCfg = Debug|Any CPU
		{E41B52F2-E46E-4F09-B217-213B73AB080C}.Debug|Any CPU.Build.0 = Debug|Any CPU
		{E41B52F2-E46E-4F09-B217-213B73AB080C}.Release|Any CPU.ActiveCfg = Release|Any CPU
		{E41B52F2-E46E-4F09-B217-213B73AB080C}.Release|Any CPU.Build.0 = Release|Any CPU
		{1035421D-9907-4329-9A3F-7D61859EEC5F}.Debug|Any CPU.ActiveCfg = Debug|Any CPU
		{1035421D-9907-4329-9A3F-7D61859EEC5F}.Debug|Any CPU.Build.0 = Debug|Any CPU
		{1035421D-9907-4329-9A3F-7D61859EEC5F}.Release|Any CPU.ActiveCfg = Release|Any CPU
		{1035421D-9907-4329-9A3F-7D61859EEC5F}.Release|Any CPU.Build.0 = Release|Any CPU
		{AF9D7808-A38D-4918-A912-9D60ED80E7CD}.Debug|Any CPU.ActiveCfg = Debug|Any CPU
		{AF9D7808-A38D-4918-A912-9D60ED80E7CD}.Debug|Any CPU.Build.0 = Debug|Any CPU
		{AF9D7808-A38D-4918-A912-9D60ED80E7CD}.Release|Any CPU.ActiveCfg = Release|Any CPU
		{AF9D7808-A38D-4918-A912-9D60ED80E7CD}.Release|Any CPU.Build.0 = Release|Any CPU
		{68B44B34-51C4-4E46-946F-781C0146705C}.Debug|Any CPU.ActiveCfg = Debug|Any CPU
		{68B44B34-51C4-4E46-946F-781C0146705C}.Debug|Any CPU.Build.0 = Debug|Any CPU
		{68B44B34-51C4-4E46-946F-781C0146705C}.Release|Any CPU.ActiveCfg = Release|Any CPU
		{68B44B34-51C4-4E46-946F-781C0146705C}.Release|Any CPU.Build.0 = Release|Any CPU
		{94A69F15-37E1-4020-83B3-C1039D4B3765}.Debug|Any CPU.ActiveCfg = Debug|Any CPU
		{94A69F15-37E1-4020-83B3-C1039D4B3765}.Debug|Any CPU.Build.0 = Debug|Any CPU
		{94A69F15-37E1-4020-83B3-C1039D4B3765}.Release|Any CPU.ActiveCfg = Release|Any CPU
		{94A69F15-37E1-4020-83B3-C1039D4B3765}.Release|Any CPU.Build.0 = Release|Any CPU
		{53A0187F-A8F7-451F-8520-FDFE62EFF8AF}.Debug|Any CPU.ActiveCfg = Debug|Any CPU
		{53A0187F-A8F7-451F-8520-FDFE62EFF8AF}.Debug|Any CPU.Build.0 = Debug|Any CPU
		{53A0187F-A8F7-451F-8520-FDFE62EFF8AF}.Release|Any CPU.ActiveCfg = Release|Any CPU
		{53A0187F-A8F7-451F-8520-FDFE62EFF8AF}.Release|Any CPU.Build.0 = Release|Any CPU
		{E8A2583E-89C0-43C7-B8F2-0F9E38CAC794}.Debug|Any CPU.ActiveCfg = Debug|Any CPU
		{E8A2583E-89C0-43C7-B8F2-0F9E38CAC794}.Debug|Any CPU.Build.0 = Debug|Any CPU
		{E8A2583E-89C0-43C7-B8F2-0F9E38CAC794}.Release|Any CPU.ActiveCfg = Release|Any CPU
		{E8A2583E-89C0-43C7-B8F2-0F9E38CAC794}.Release|Any CPU.Build.0 = Release|Any CPU
		{0EE9D3A3-EAC8-4904-8825-014A4CB952FD}.Debug|Any CPU.ActiveCfg = Debug|Any CPU
		{0EE9D3A3-EAC8-4904-8825-014A4CB952FD}.Debug|Any CPU.Build.0 = Debug|Any CPU
		{0EE9D3A3-EAC8-4904-8825-014A4CB952FD}.Release|Any CPU.ActiveCfg = Release|Any CPU
		{0EE9D3A3-EAC8-4904-8825-014A4CB952FD}.Release|Any CPU.Build.0 = Release|Any CPU
		{97E135EE-7E17-49BC-AEAD-F81FBBF0A5DC}.Debug|Any CPU.ActiveCfg = Debug|Any CPU
		{97E135EE-7E17-49BC-AEAD-F81FBBF0A5DC}.Debug|Any CPU.Build.0 = Debug|Any CPU
		{97E135EE-7E17-49BC-AEAD-F81FBBF0A5DC}.Release|Any CPU.ActiveCfg = Release|Any CPU
		{97E135EE-7E17-49BC-AEAD-F81FBBF0A5DC}.Release|Any CPU.Build.0 = Release|Any CPU
		{64C85102-1E39-48D4-917F-722B0C9DDEEF}.Debug|Any CPU.ActiveCfg = Debug|Any CPU
		{64C85102-1E39-48D4-917F-722B0C9DDEEF}.Debug|Any CPU.Build.0 = Debug|Any CPU
		{64C85102-1E39-48D4-917F-722B0C9DDEEF}.Release|Any CPU.ActiveCfg = Release|Any CPU
		{64C85102-1E39-48D4-917F-722B0C9DDEEF}.Release|Any CPU.Build.0 = Release|Any CPU
		{76F1F5D3-B30D-4F3E-813D-4AD70FAE2DB2}.Debug|Any CPU.ActiveCfg = Debug|Any CPU
		{76F1F5D3-B30D-4F3E-813D-4AD70FAE2DB2}.Debug|Any CPU.Build.0 = Debug|Any CPU
		{76F1F5D3-B30D-4F3E-813D-4AD70FAE2DB2}.Release|Any CPU.ActiveCfg = Release|Any CPU
		{76F1F5D3-B30D-4F3E-813D-4AD70FAE2DB2}.Release|Any CPU.Build.0 = Release|Any CPU
		{1A928B9C-1BE7-4CA4-B741-849C7F624F36}.Debug|Any CPU.ActiveCfg = Debug|Any CPU
		{1A928B9C-1BE7-4CA4-B741-849C7F624F36}.Debug|Any CPU.Build.0 = Debug|Any CPU
		{1A928B9C-1BE7-4CA4-B741-849C7F624F36}.Release|Any CPU.ActiveCfg = Release|Any CPU
		{1A928B9C-1BE7-4CA4-B741-849C7F624F36}.Release|Any CPU.Build.0 = Release|Any CPU
		{4CB69FBF-6027-40A2-9B8D-9E9700623FB0}.Debug|Any CPU.ActiveCfg = Debug|Any CPU
		{4CB69FBF-6027-40A2-9B8D-9E9700623FB0}.Debug|Any CPU.Build.0 = Debug|Any CPU
		{4CB69FBF-6027-40A2-9B8D-9E9700623FB0}.Release|Any CPU.ActiveCfg = Release|Any CPU
		{4CB69FBF-6027-40A2-9B8D-9E9700623FB0}.Release|Any CPU.Build.0 = Release|Any CPU
		{FC05C51F-1711-449D-9B76-3D83648702AF}.Debug|Any CPU.ActiveCfg = Debug|Any CPU
		{FC05C51F-1711-449D-9B76-3D83648702AF}.Debug|Any CPU.Build.0 = Debug|Any CPU
		{FC05C51F-1711-449D-9B76-3D83648702AF}.Release|Any CPU.ActiveCfg = Release|Any CPU
		{FC05C51F-1711-449D-9B76-3D83648702AF}.Release|Any CPU.Build.0 = Release|Any CPU
	EndGlobalSection
	GlobalSection(SolutionProperties) = preSolution
		HideSolutionNode = FALSE
	EndGlobalSection
	GlobalSection(ExtensibilityGlobals) = postSolution
		SolutionGuid = {6AFAF4AC-26FB-426E-A4B4-B9824BAFD877}
	EndGlobalSection
EndGlobal
